
Microsoft Visual Studio Solution File, Format Version 12.00
# Visual Studio Version 16
VisualStudioVersion = 16.0.31702.278
MinimumVisualStudioVersion = 10.0.40219.1
Project("{FAE04EC0-301F-11D3-BF4B-00C04F79EFBC}") = "Lab 3 - BlackJack Objects", "Lab 3 - BlackJack Objects\Lab 3 - BlackJack Objects.csproj", "{E5E4D415-CA4A-40B0-A561-2F9BEF4AB8A5}"
	ProjectSection(ProjectDependencies) = postProject
		{A98A4BAE-C2B1-4A71-88E1-C82E9C602F39} = {A98A4BAE-C2B1-4A71-88E1-C82E9C602F39}
	EndProjectSection
EndProject
Project("{FAE04EC0-301F-11D3-BF4B-00C04F79EFBC}") = "BlackJack Class Library", "BlackJack Class Library\BlackJack Class Library.csproj", "{A98A4BAE-C2B1-4A71-88E1-C82E9C602F39}"
EndProject
Global
	GlobalSection(SolutionConfigurationPlatforms) = preSolution
		Debug|Any CPU = Debug|Any CPU
		Release|Any CPU = Release|Any CPU
	EndGlobalSection
	GlobalSection(ProjectConfigurationPlatforms) = postSolution
		{E5E4D415-CA4A-40B0-A561-2F9BEF4AB8A5}.Debug|Any CPU.ActiveCfg = Debug|Any CPU
		{E5E4D415-CA4A-40B0-A561-2F9BEF4AB8A5}.Debug|Any CPU.Build.0 = Debug|Any CPU
		{E5E4D415-CA4A-40B0-A561-2F9BEF4AB8A5}.Release|Any CPU.ActiveCfg = Release|Any CPU
		{E5E4D415-CA4A-40B0-A561-2F9BEF4AB8A5}.Release|Any CPU.Build.0 = Release|Any CPU
		{A98A4BAE-C2B1-4A71-88E1-C82E9C602F39}.Debug|Any CPU.ActiveCfg = Debug|Any CPU
		{A98A4BAE-C2B1-4A71-88E1-C82E9C602F39}.Debug|Any CPU.Build.0 = Debug|Any CPU
		{A98A4BAE-C2B1-4A71-88E1-C82E9C602F39}.Release|Any CPU.ActiveCfg = Release|Any CPU
		{A98A4BAE-C2B1-4A71-88E1-C82E9C602F39}.Release|Any CPU.Build.0 = Release|Any CPU
	EndGlobalSection
	GlobalSection(SolutionProperties) = preSolution
		HideSolutionNode = FALSE
	EndGlobalSection
	GlobalSection(ExtensibilityGlobals) = postSolution
		SolutionGuid = {6057AE64-3E3C-4B4C-8B1D-DFE6F6466D49}
	EndGlobalSection
EndGlobal
